
Microsoft Visual Studio Solution File, Format Version 12.00
# Visual Studio 14
VisualStudioVersion = 14.0.25420.1
MinimumVisualStudioVersion = 10.0.40219.1
Project("{FAE04EC0-301F-11D3-BF4B-00C04F79EFBC}") = "Editor", "Editor\Editor.csproj", "{0A1A4E7E-A7A2-4580-A302-FA258A5069B3}"
EndProject
Project("{FAE04EC0-301F-11D3-BF4B-00C04F79EFBC}") = "Visualizer", "Visualizer\Visualizer.csproj", "{60141238-7D41-44F5-9D2B-C4205D04107D}"
EndProject
Project("{FAE04EC0-301F-11D3-BF4B-00C04F79EFBC}") = "Convenient.Stuff", "Convenient.Stuff\Convenient.Stuff.csproj", "{0084A689-FC90-4FE2-9F96-66ABF2B37591}"
EndProject
Project("{2150E333-8FDC-42A3-9474-1A3956D46DE8}") = "20. Stuff", "20. Stuff", "{45773A32-4BC3-408D-9654-33BF45E4E6D1}"
EndProject
Project("{2150E333-8FDC-42A3-9474-1A3956D46DE8}") = "10. Apps", "10. Apps", "{44A57E95-E921-40ED-AA45-47E53787C58B}"
EndProject
Project("{FAE04EC0-301F-11D3-BF4B-00C04F79EFBC}") = "Studio", "Studio\Studio.csproj", "{F2C119D8-CF3F-40A1-8DA8-17D20BDE8595}"
EndProject
Project("{FAE04EC0-301F-11D3-BF4B-00C04F79EFBC}") = "SolutionWatcher", "SolutionWatcher\SolutionWatcher.csproj", "{9EFF3922-AE8D-4111-A1D5-D97F426AEA01}"
EndProject
Global
	GlobalSection(SolutionConfigurationPlatforms) = preSolution
		Debug|Any CPU = Debug|Any CPU
		Release|Any CPU = Release|Any CPU
	EndGlobalSection
	GlobalSection(ProjectConfigurationPlatforms) = postSolution
		{0A1A4E7E-A7A2-4580-A302-FA258A5069B3}.Debug|Any CPU.ActiveCfg = Debug|Any CPU
		{0A1A4E7E-A7A2-4580-A302-FA258A5069B3}.Debug|Any CPU.Build.0 = Debug|Any CPU
		{0A1A4E7E-A7A2-4580-A302-FA258A5069B3}.Release|Any CPU.ActiveCfg = Release|Any CPU
		{0A1A4E7E-A7A2-4580-A302-FA258A5069B3}.Release|Any CPU.Build.0 = Release|Any CPU
		{60141238-7D41-44F5-9D2B-C4205D04107D}.Debug|Any CPU.ActiveCfg = Debug|Any CPU
		{60141238-7D41-44F5-9D2B-C4205D04107D}.Debug|Any CPU.Build.0 = Debug|Any CPU
		{60141238-7D41-44F5-9D2B-C4205D04107D}.Release|Any CPU.ActiveCfg = Release|Any CPU
		{60141238-7D41-44F5-9D2B-C4205D04107D}.Release|Any CPU.Build.0 = Release|Any CPU
		{0084A689-FC90-4FE2-9F96-66ABF2B37591}.Debug|Any CPU.ActiveCfg = Debug|Any CPU
		{0084A689-FC90-4FE2-9F96-66ABF2B37591}.Debug|Any CPU.Build.0 = Debug|Any CPU
		{0084A689-FC90-4FE2-9F96-66ABF2B37591}.Release|Any CPU.ActiveCfg = Release|Any CPU
		{0084A689-FC90-4FE2-9F96-66ABF2B37591}.Release|Any CPU.Build.0 = Release|Any CPU
		{F2C119D8-CF3F-40A1-8DA8-17D20BDE8595}.Debug|Any CPU.ActiveCfg = Debug|Any CPU
		{F2C119D8-CF3F-40A1-8DA8-17D20BDE8595}.Debug|Any CPU.Build.0 = Debug|Any CPU
		{F2C119D8-CF3F-40A1-8DA8-17D20BDE8595}.Release|Any CPU.ActiveCfg = Release|Any CPU
		{F2C119D8-CF3F-40A1-8DA8-17D20BDE8595}.Release|Any CPU.Build.0 = Release|Any CPU
		{9EFF3922-AE8D-4111-A1D5-D97F426AEA01}.Debug|Any CPU.ActiveCfg = Debug|Any CPU
		{9EFF3922-AE8D-4111-A1D5-D97F426AEA01}.Debug|Any CPU.Build.0 = Debug|Any CPU
		{9EFF3922-AE8D-4111-A1D5-D97F426AEA01}.Release|Any CPU.ActiveCfg = Release|Any CPU
		{9EFF3922-AE8D-4111-A1D5-D97F426AEA01}.Release|Any CPU.Build.0 = Release|Any CPU
	EndGlobalSection
	GlobalSection(SolutionProperties) = preSolution
		HideSolutionNode = FALSE
	EndGlobalSection
	GlobalSection(NestedProjects) = preSolution
		{0A1A4E7E-A7A2-4580-A302-FA258A5069B3} = {44A57E95-E921-40ED-AA45-47E53787C58B}
		{60141238-7D41-44F5-9D2B-C4205D04107D} = {44A57E95-E921-40ED-AA45-47E53787C58B}
		{0084A689-FC90-4FE2-9F96-66ABF2B37591} = {45773A32-4BC3-408D-9654-33BF45E4E6D1}
		{F2C119D8-CF3F-40A1-8DA8-17D20BDE8595} = {44A57E95-E921-40ED-AA45-47E53787C58B}
		{9EFF3922-AE8D-4111-A1D5-D97F426AEA01} = {44A57E95-E921-40ED-AA45-47E53787C58B}
	EndGlobalSection
EndGlobal
